
Microsoft Visual Studio Solution File, Format Version 12.00
# Visual Studio Version 17
VisualStudioVersion = 17.6.33829.357
MinimumVisualStudioVersion = 10.0.40219.1
Project("{8BC9CEB8-8B4A-11D0-8D11-00A0C91BC942}") = "MFCMdi", "MFCMdi\MFCMdi.vcxproj", "{36B8737C-640D-4E03-BE0A-CFD9CA601F6A}"
EndProject
Global
	GlobalSection(SolutionConfigurationPlatforms) = preSolution
		Debug|x64 = Debug|x64
		Debug|x86 = Debug|x86
		Release|x64 = Release|x64
		Release|x86 = Release|x86
	EndGlobalSection
	GlobalSection(ProjectConfigurationPlatforms) = postSolution
		{36B8737C-640D-4E03-BE0A-CFD9CA601F6A}.Debug|x64.ActiveCfg = Debug|x64
		{36B8737C-640D-4E03-BE0A-CFD9CA601F6A}.Debug|x64.Build.0 = Debug|x64
		{36B8737C-640D-4E03-BE0A-CFD9CA601F6A}.Debug|x86.ActiveCfg = Debug|Win32
		{36B8737C-640D-4E03-BE0A-CFD9CA601F6A}.Debug|x86.Build.0 = Debug|Win32
		{36B8737C-640D-4E03-BE0A-CFD9CA601F6A}.Release|x64.ActiveCfg = Release|x64
		{36B8737C-640D-4E03-BE0A-CFD9CA601F6A}.Release|x64.Build.0 = Release|x64
		{36B8737C-640D-4E03-BE0A-CFD9CA601F6A}.Release|x86.ActiveCfg = Release|Win32
		{36B8737C-640D-4E03-BE0A-CFD9CA601F6A}.Release|x86.Build.0 = Release|Win32
	EndGlobalSection
	GlobalSection(SolutionProperties) = preSolution
		HideSolutionNode = FALSE
	EndGlobalSection
	GlobalSection(ExtensibilityGlobals) = postSolution
		SolutionGuid = {02CB2E61-C364-40F4-8124-18BAFC6F3159}
	EndGlobalSection
EndGlobal
